
Microsoft Visual Studio Solution File, Format Version 12.00
Project("{FAE04EC0-301F-11D3-BF4B-00C04F79EFBC}") = "PreparationForExam", "PreparationForExam\PreparationForExam.csproj", "{CCE1DAFC-BB71-4143-A385-7DA09009ED72}"
EndProject
Global
	GlobalSection(SolutionConfigurationPlatforms) = preSolution
		Debug|Any CPU = Debug|Any CPU
		Release|Any CPU = Release|Any CPU
	EndGlobalSection
	GlobalSection(ProjectConfigurationPlatforms) = postSolution
		{CCE1DAFC-BB71-4143-A385-7DA09009ED72}.Debug|Any CPU.ActiveCfg = Debug|Any CPU
		{CCE1DAFC-BB71-4143-A385-7DA09009ED72}.Debug|Any CPU.Build.0 = Debug|Any CPU
		{CCE1DAFC-BB71-4143-A385-7DA09009ED72}.Release|Any CPU.ActiveCfg = Release|Any CPU
		{CCE1DAFC-BB71-4143-A385-7DA09009ED72}.Release|Any CPU.Build.0 = Release|Any CPU
	EndGlobalSection
EndGlobal
